
Microsoft Visual Studio Solution File, Format Version 12.00
# Visual Studio Version 16
VisualStudioVersion = 16.0.31727.386
MinimumVisualStudioVersion = 10.0.40219.1
Project("{FAE04EC0-301F-11D3-BF4B-00C04F79EFBC}") = "MartinezCarrilloBraulioCF", "MartinezCarrilloBraulioCF\MartinezCarrilloBraulioCF.csproj", "{3EC8F6DF-EF78-45C6-A513-65FA5A916802}"
EndProject
Global
	GlobalSection(SolutionConfigurationPlatforms) = preSolution
		Debug|Any CPU = Debug|Any CPU
		Release|Any CPU = Release|Any CPU
	EndGlobalSection
	GlobalSection(ProjectConfigurationPlatforms) = postSolution
		{3EC8F6DF-EF78-45C6-A513-65FA5A916802}.Debug|Any CPU.ActiveCfg = Debug|Any CPU
		{3EC8F6DF-EF78-45C6-A513-65FA5A916802}.Debug|Any CPU.Build.0 = Debug|Any CPU
		{3EC8F6DF-EF78-45C6-A513-65FA5A916802}.Release|Any CPU.ActiveCfg = Release|Any CPU
		{3EC8F6DF-EF78-45C6-A513-65FA5A916802}.Release|Any CPU.Build.0 = Release|Any CPU
	EndGlobalSection
	GlobalSection(SolutionProperties) = preSolution
		HideSolutionNode = FALSE
	EndGlobalSection
	GlobalSection(ExtensibilityGlobals) = postSolution
		SolutionGuid = {544A5069-0FE4-49E1-BBFD-7AD7BB02D783}
	EndGlobalSection
EndGlobal
